
Microsoft Visual Studio Solution File, Format Version 12.00
Project("{FAE04EC0-301F-11D3-BF4B-00C04F79EFBC}") = "TestIndetity8", "TestIndetity8\TestIndetity8.csproj", "{AA6AB733-A4BC-45D1-9B28-F80D3D3EB071}"
EndProject
Global
	GlobalSection(SolutionConfigurationPlatforms) = preSolution
		Debug|Any CPU = Debug|Any CPU
		Release|Any CPU = Release|Any CPU
	EndGlobalSection
	GlobalSection(ProjectConfigurationPlatforms) = postSolution
		{AA6AB733-A4BC-45D1-9B28-F80D3D3EB071}.Debug|Any CPU.ActiveCfg = Debug|Any CPU
		{AA6AB733-A4BC-45D1-9B28-F80D3D3EB071}.Debug|Any CPU.Build.0 = Debug|Any CPU
		{AA6AB733-A4BC-45D1-9B28-F80D3D3EB071}.Release|Any CPU.ActiveCfg = Release|Any CPU
		{AA6AB733-A4BC-45D1-9B28-F80D3D3EB071}.Release|Any CPU.Build.0 = Release|Any CPU
	EndGlobalSection
EndGlobal
